
Microsoft Visual Studio Solution File, Format Version 12.00
# Visual Studio Version 17
VisualStudioVersion = 17.2.32516.85
MinimumVisualStudioVersion = 10.0.40219.1
Project("{FAE04EC0-301F-11D3-BF4B-00C04F79EFBC}") = "ConsoleUI", "MasrafFormu\ConsoleUI.csproj", "{B06AB200-20A1-4A2D-A7E1-873E5023A1A5}"
EndProject
Project("{FAE04EC0-301F-11D3-BF4B-00C04F79EFBC}") = "Businnes", "Businnes\Businnes.csproj", "{AE7C0DE5-24F7-4617-A215-8D27B98D6C26}"
EndProject
Project("{FAE04EC0-301F-11D3-BF4B-00C04F79EFBC}") = "DataAccess", "DataAccess\DataAccess.csproj", "{68E0B057-AFF9-4A91-819D-A75DA96AAA6D}"
EndProject
Project("{FAE04EC0-301F-11D3-BF4B-00C04F79EFBC}") = "Entities", "Entities\Entities.csproj", "{CB4B4D71-79FA-476F-BFC2-F0DE99E89FEB}"
EndProject
Global
	GlobalSection(SolutionConfigurationPlatforms) = preSolution
		Debug|Any CPU = Debug|Any CPU
		Release|Any CPU = Release|Any CPU
	EndGlobalSection
	GlobalSection(ProjectConfigurationPlatforms) = postSolution
		{B06AB200-20A1-4A2D-A7E1-873E5023A1A5}.Debug|Any CPU.ActiveCfg = Debug|Any CPU
		{B06AB200-20A1-4A2D-A7E1-873E5023A1A5}.Debug|Any CPU.Build.0 = Debug|Any CPU
		{B06AB200-20A1-4A2D-A7E1-873E5023A1A5}.Release|Any CPU.ActiveCfg = Release|Any CPU
		{B06AB200-20A1-4A2D-A7E1-873E5023A1A5}.Release|Any CPU.Build.0 = Release|Any CPU
		{AE7C0DE5-24F7-4617-A215-8D27B98D6C26}.Debug|Any CPU.ActiveCfg = Debug|Any CPU
		{AE7C0DE5-24F7-4617-A215-8D27B98D6C26}.Debug|Any CPU.Build.0 = Debug|Any CPU
		{AE7C0DE5-24F7-4617-A215-8D27B98D6C26}.Release|Any CPU.ActiveCfg = Release|Any CPU
		{AE7C0DE5-24F7-4617-A215-8D27B98D6C26}.Release|Any CPU.Build.0 = Release|Any CPU
		{68E0B057-AFF9-4A91-819D-A75DA96AAA6D}.Debug|Any CPU.ActiveCfg = Debug|Any CPU
		{68E0B057-AFF9-4A91-819D-A75DA96AAA6D}.Debug|Any CPU.Build.0 = Debug|Any CPU
		{68E0B057-AFF9-4A91-819D-A75DA96AAA6D}.Release|Any CPU.ActiveCfg = Release|Any CPU
		{68E0B057-AFF9-4A91-819D-A75DA96AAA6D}.Release|Any CPU.Build.0 = Release|Any CPU
		{CB4B4D71-79FA-476F-BFC2-F0DE99E89FEB}.Debug|Any CPU.ActiveCfg = Debug|Any CPU
		{CB4B4D71-79FA-476F-BFC2-F0DE99E89FEB}.Debug|Any CPU.Build.0 = Debug|Any CPU
		{CB4B4D71-79FA-476F-BFC2-F0DE99E89FEB}.Release|Any CPU.ActiveCfg = Release|Any CPU
		{CB4B4D71-79FA-476F-BFC2-F0DE99E89FEB}.Release|Any CPU.Build.0 = Release|Any CPU
	EndGlobalSection
	GlobalSection(SolutionProperties) = preSolution
		HideSolutionNode = FALSE
	EndGlobalSection
	GlobalSection(ExtensibilityGlobals) = postSolution
		SolutionGuid = {A772F17A-70B4-492F-99DC-88002D77D986}
	EndGlobalSection
EndGlobal
